// !$*UTF8*$!
{
	archiveVersion = 1;
	classes = {
	};
	objectVersion = 46;
	objects = {

/* Begin PBXBuildFile section */
		8D5466E619AB9F0A00BA9818 /* arrow_left.png in Resources */ = {isa = PBXBuildFile; fileRef = 8D5466CA19AB9F0A00BA9818 /* arrow_left.png */; };
		8D5466E719AB9F0A00BA9818 /* arrow_left@2x.png in Resources */ = {isa = PBXBuildFile; fileRef = 8D5466CB19AB9F0A00BA9818 /* arrow_left@2x.png */; };
		8D5466E819AB9F0A00BA9818 /* arrow_right.png in Resources */ = {isa = PBXBuildFile; fileRef = 8D5466CC19AB9F0A00BA9818 /* arrow_right.png */; };
		8D5466E919AB9F0A00BA9818 /* arrow_right@2x.png in Resources */ = {isa = PBXBuildFile; fileRef = 8D5466CD19AB9F0A00BA9818 /* arrow_right@2x.png */; };
		8D5466EA19AB9F0A00BA9818 /* calendar_clear-disabled.png in Resources */ = {isa = PBXBuildFile; fileRef = 8D5466CE19AB9F0A00BA9818 /* calendar_clear-disabled.png */; };
		8D5466EB19AB9F0A00BA9818 /* calendar_clear-disabled@2x.png in Resources */ = {isa = PBXBuildFile; fileRef = 8D5466CF19AB9F0A00BA9818 /* calendar_clear-disabled@2x.png */; };
		8D5466EC19AB9F0A00BA9818 /* calendar_littledot-disabled.png in Resources */ = {isa = PBXBuildFile; fileRef = 8D5466D019AB9F0A00BA9818 /* calendar_littledot-disabled.png */; };
		8D5466ED19AB9F0A00BA9818 /* calendar_littledot-disabled@2x.png in Resources */ = {isa = PBXBuildFile; fileRef = 8D5466D119AB9F0A00BA9818 /* calendar_littledot-disabled@2x.png */; };
		8D5466EE19AB9F0A00BA9818 /* calendar_littledot.png in Resources */ = {isa = PBXBuildFile; fileRef = 8D5466D219AB9F0A00BA9818 /* calendar_littledot.png */; };
		8D5466EF19AB9F0A00BA9818 /* calendar_littledot@2x.png in Resources */ = {isa = PBXBuildFile; fileRef = 8D5466D319AB9F0A00BA9818 /* calendar_littledot@2x.png */; };
		8D5466F019AB9F0A00BA9818 /* calendar_ok-disabled.png in Resources */ = {isa = PBXBuildFile; fileRef = 8D5466D419AB9F0A00BA9818 /* calendar_ok-disabled.png */; };
		8D5466F119AB9F0A00BA9818 /* calendar_ok-disabled@2x.png in Resources */ = {isa = PBXBuildFile; fileRef = 8D5466D519AB9F0A00BA9818 /* calendar_ok-disabled@2x.png */; };
		8D5466F219AB9F0A00BA9818 /* dialog_cancel.png in Resources */ = {isa = PBXBuildFile; fileRef = 8D5466D619AB9F0A00BA9818 /* dialog_cancel.png */; };
		8D5466F319AB9F0A00BA9818 /* dialog_cancel@2x.png in Resources */ = {isa = PBXBuildFile; fileRef = 8D5466D719AB9F0A00BA9818 /* dialog_cancel@2x.png */; };
		8D5466F419AB9F0A00BA9818 /* dialog_clear-disabled.png in Resources */ = {isa = PBXBuildFile; fileRef = 8D5466D819AB9F0A00BA9818 /* dialog_clear-disabled.png */; };
		8D5466F519AB9F0A00BA9818 /* dialog_clear-disabled@2x.png in Resources */ = {isa = PBXBuildFile; fileRef = 8D5466D919AB9F0A00BA9818 /* dialog_clear-disabled@2x.png */; };
		8D5466F619AB9F0A00BA9818 /* dialog_clear.png in Resources */ = {isa = PBXBuildFile; fileRef = 8D5466DA19AB9F0A00BA9818 /* dialog_clear.png */; };
		8D5466F719AB9F0A00BA9818 /* dialog_clear@2x.png in Resources */ = {isa = PBXBuildFile; fileRef = 8D5466DB19AB9F0A00BA9818 /* dialog_clear@2x.png */; };
		8D5466F819AB9F0A00BA9818 /* dialog_ok-disabled.png in Resources */ = {isa = PBXBuildFile; fileRef = 8D5466DC19AB9F0A00BA9818 /* dialog_ok-disabled.png */; };
		8D5466F919AB9F0A00BA9818 /* dialog_ok-disabled@2x.png in Resources */ = {isa = PBXBuildFile; fileRef = 8D5466DD19AB9F0A00BA9818 /* dialog_ok-disabled@2x.png */; };
		8D5466FA19AB9F0A00BA9818 /* dialog_ok.png in Resources */ = {isa = PBXBuildFile; fileRef = 8D5466DE19AB9F0A00BA9818 /* dialog_ok.png */; };
		8D5466FB19AB9F0A00BA9818 /* dialog_ok@2x.png in Resources */ = {isa = PBXBuildFile; fileRef = 8D5466DF19AB9F0A00BA9818 /* dialog_ok@2x.png */; };
		8D5466FC19AB9F0A00BA9818 /* THDateDay.m in Sources */ = {isa = PBXBuildFile; fileRef = 8D5466E119AB9F0A00BA9818 /* THDateDay.m */; };
		8D5466FD19AB9F0A00BA9818 /* THDateDay.xib in Resources */ = {isa = PBXBuildFile; fileRef = 8D5466E219AB9F0A00BA9818 /* THDateDay.xib */; };
		8D5466FE19AB9F0A00BA9818 /* THDatePickerViewController.m in Sources */ = {isa = PBXBuildFile; fileRef = 8D5466E419AB9F0A00BA9818 /* THDatePickerViewController.m */; };
		8D5466FF19AB9F0A00BA9818 /* THDatePickerViewController.xib in Resources */ = {isa = PBXBuildFile; fileRef = 8D5466E519AB9F0A00BA9818 /* THDatePickerViewController.xib */; };
		8D54670219ABA12000BA9818 /* UIViewController+KNSemiModal.m in Sources */ = {isa = PBXBuildFile; fileRef = 8D54670119ABA12000BA9818 /* UIViewController+KNSemiModal.m */; };
		8DE53B6B19AAE16100B10508 /* Foundation.framework in Frameworks */ = {isa = PBXBuildFile; fileRef = 8DE53B6A19AAE16100B10508 /* Foundation.framework */; };
		8DE53B6D19AAE16100B10508 /* CoreGraphics.framework in Frameworks */ = {isa = PBXBuildFile; fileRef = 8DE53B6C19AAE16100B10508 /* CoreGraphics.framework */; };
		8DE53B6F19AAE16100B10508 /* UIKit.framework in Frameworks */ = {isa = PBXBuildFile; fileRef = 8DE53B6E19AAE16100B10508 /* UIKit.framework */; };
		8DE53B7519AAE16100B10508 /* InfoPlist.strings in Resources */ = {isa = PBXBuildFile; fileRef = 8DE53B7319AAE16100B10508 /* InfoPlist.strings */; };
		8DE53B7719AAE16100B10508 /* main.m in Sources */ = {isa = PBXBuildFile; fileRef = 8DE53B7619AAE16100B10508 /* main.m */; };
		8DE53B7B19AAE16100B10508 /* AppDelegate.m in Sources */ = {isa = PBXBuildFile; fileRef = 8DE53B7A19AAE16100B10508 /* AppDelegate.m */; };
		8DE53B7D19AAE16100B10508 /* Images.xcassets in Resources */ = {isa = PBXBuildFile; fileRef = 8DE53B7C19AAE16100B10508 /* Images.xcassets */; };
		8DE53B8419AAE16100B10508 /* XCTest.framework in Frameworks */ = {isa = PBXBuildFile; fileRef = 8DE53B8319AAE16100B10508 /* XCTest.framework */; };
		8DE53B8519AAE16100B10508 /* Foundation.framework in Frameworks */ = {isa = PBXBuildFile; fileRef = 8DE53B6A19AAE16100B10508 /* Foundation.framework */; };
		8DE53B8619AAE16100B10508 /* UIKit.framework in Frameworks */ = {isa = PBXBuildFile; fileRef = 8DE53B6E19AAE16100B10508 /* UIKit.framework */; };
		8DE53B8E19AAE16100B10508 /* InfoPlist.strings in Resources */ = {isa = PBXBuildFile; fileRef = 8DE53B8C19AAE16100B10508 /* InfoPlist.strings */; };
		8DE53B9019AAE16100B10508 /* tracker_Tests.m in Sources */ = {isa = PBXBuildFile; fileRef = 8DE53B8F19AAE16100B10508 /* tracker_Tests.m */; };
		8DE53B9C19AAE1DE00B10508 /* HomeViewController.m in Sources */ = {isa = PBXBuildFile; fileRef = 8DE53B9B19AAE1DE00B10508 /* HomeViewController.m */; };
		8DE53BA019AAE29800B10508 /* KLCPopup.m in Sources */ = {isa = PBXBuildFile; fileRef = 8DE53B9F19AAE29800B10508 /* KLCPopup.m */; };
		8DE53BA419AAE74E00B10508 /* Colors.m in Sources */ = {isa = PBXBuildFile; fileRef = 8DE53BA319AAE74E00B10508 /* Colors.m */; };
		8DE53BA819AAEC5100B10508 /* StartEndPeriod.m in Sources */ = {isa = PBXBuildFile; fileRef = 8DE53BA719AAEC5100B10508 /* StartEndPeriod.m */; };
		8DE53BAE19AAEEA200B10508 /* TimeLeftView.m in Sources */ = {isa = PBXBuildFile; fileRef = 8DE53BAD19AAEEA200B10508 /* TimeLeftView.m */; };
		8DE53BBA19AAF06D00B10508 /* clockicon.png in Resources */ = {isa = PBXBuildFile; fileRef = 8DE53BB119AAF06D00B10508 /* clockicon.png */; };
		8DE53BBB19AAF06D00B10508 /* clockicon@2x.png in Resources */ = {isa = PBXBuildFile; fileRef = 8DE53BB219AAF06D00B10508 /* clockicon@2x.png */; };
		8DE53BBC19AAF06D00B10508 /* hamburgermenu.png in Resources */ = {isa = PBXBuildFile; fileRef = 8DE53BB419AAF06D00B10508 /* hamburgermenu.png */; };
		8DE53BBD19AAF06D00B10508 /* hamburgermenu@2x.png in Resources */ = {isa = PBXBuildFile; fileRef = 8DE53BB519AAF06D00B10508 /* hamburgermenu@2x.png */; };
		8DE53BBE19AAF06D00B10508 /* nav-logo.png in Resources */ = {isa = PBXBuildFile; fileRef = 8DE53BB619AAF06D00B10508 /* nav-logo.png */; };
		8DE53BBF19AAF06D00B10508 /* nav-logo@2x.png in Resources */ = {isa = PBXBuildFile; fileRef = 8DE53BB719AAF06D00B10508 /* nav-logo@2x.png */; };
		8DE53BC019AAF06D00B10508 /* personicon.png in Resources */ = {isa = PBXBuildFile; fileRef = 8DE53BB819AAF06D00B10508 /* personicon.png */; };
		8DE53BC119AAF06D00B10508 /* personicon@2x.png in Resources */ = {isa = PBXBuildFile; fileRef = 8DE53BB919AAF06D00B10508 /* personicon@2x.png */; };
		8DE53BC419AAF23E00B10508 /* Fonts.m in Sources */ = {isa = PBXBuildFile; fileRef = 8DE53BC319AAF23E00B10508 /* Fonts.m */; };
		8DE53BCB19AAF7F500B10508 /* eggicon.png in Resources */ = {isa = PBXBuildFile; fileRef = 8DE53BC519AAF7F500B10508 /* eggicon.png */; };
		8DE53BCC19AAF7F500B10508 /* eggicon@2x.png in Resources */ = {isa = PBXBuildFile; fileRef = 8DE53BC619AAF7F500B10508 /* eggicon@2x.png */; };
		8DE53BCD19AAF7F500B10508 /* lightningicon.png in Resources */ = {isa = PBXBuildFile; fileRef = 8DE53BC719AAF7F500B10508 /* lightningicon.png */; };
		8DE53BCE19AAF7F500B10508 /* lightningicon@2x.png in Resources */ = {isa = PBXBuildFile; fileRef = 8DE53BC819AAF7F500B10508 /* lightningicon@2x.png */; };
		8DE53BCF19AAF7F500B10508 /* raindropicon.png in Resources */ = {isa = PBXBuildFile; fileRef = 8DE53BC919AAF7F500B10508 /* raindropicon.png */; };
		8DE53BD019AAF7F500B10508 /* raindropicon@2x.png in Resources */ = {isa = PBXBuildFile; fileRef = 8DE53BCA19AAF7F500B10508 /* raindropicon@2x.png */; };
		8DE53BD319AAF81800B10508 /* FertilizationView.m in Sources */ = {isa = PBXBuildFile; fileRef = 8DE53BD219AAF81800B10508 /* FertilizationView.m */; };
/* End PBXBuildFile section */

/* Begin PBXContainerItemProxy section */
		8DE53B8719AAE16100B10508 /* PBXContainerItemProxy */ = {
			isa = PBXContainerItemProxy;
			containerPortal = 8DE53B5F19AAE16100B10508 /* Project object */;
			proxyType = 1;
			remoteGlobalIDString = 8DE53B6619AAE16100B10508;
			remoteInfo = tracker.;
		};
/* End PBXContainerItemProxy section */

/* Begin PBXFileReference section */
		8D5466CA19AB9F0A00BA9818 /* arrow_left.png */ = {isa = PBXFileReference; lastKnownFileType = image.png; path = arrow_left.png; sourceTree = "<group>"; };
		8D5466CB19AB9F0A00BA9818 /* arrow_left@2x.png */ = {isa = PBXFileReference; lastKnownFileType = image.png; path = "arrow_left@2x.png"; sourceTree = "<group>"; };
		8D5466CC19AB9F0A00BA9818 /* arrow_right.png */ = {isa = PBXFileReference; lastKnownFileType = image.png; path = arrow_right.png; sourceTree = "<group>"; };
		8D5466CD19AB9F0A00BA9818 /* arrow_right@2x.png */ = {isa = PBXFileReference; lastKnownFileType = image.png; path = "arrow_right@2x.png"; sourceTree = "<group>"; };
		8D5466CE19AB9F0A00BA9818 /* calendar_clear-disabled.png */ = {isa = PBXFileReference; lastKnownFileType = image.png; path = "calendar_clear-disabled.png"; sourceTree = "<group>"; };
		8D5466CF19AB9F0A00BA9818 /* calendar_clear-disabled@2x.png */ = {isa = PBXFileReference; lastKnownFileType = image.png; path = "calendar_clear-disabled@2x.png"; sourceTree = "<group>"; };
		8D5466D019AB9F0A00BA9818 /* calendar_littledot-disabled.png */ = {isa = PBXFileReference; lastKnownFileType = image.png; path = "calendar_littledot-disabled.png"; sourceTree = "<group>"; };
		8D5466D119AB9F0A00BA9818 /* calendar_littledot-disabled@2x.png */ = {isa = PBXFileReference; lastKnownFileType = image.png; path = "calendar_littledot-disabled@2x.png"; sourceTree = "<group>"; };
		8D5466D219AB9F0A00BA9818 /* calendar_littledot.png */ = {isa = PBXFileReference; lastKnownFileType = image.png; path = calendar_littledot.png; sourceTree = "<group>"; };
		8D5466D319AB9F0A00BA9818 /* calendar_littledot@2x.png */ = {isa = PBXFileReference; lastKnownFileType = image.png; path = "calendar_littledot@2x.png"; sourceTree = "<group>"; };
		8D5466D419AB9F0A00BA9818 /* calendar_ok-disabled.png */ = {isa = PBXFileReference; lastKnownFileType = image.png; path = "calendar_ok-disabled.png"; sourceTree = "<group>"; };
		8D5466D519AB9F0A00BA9818 /* calendar_ok-disabled@2x.png */ = {isa = PBXFileReference; lastKnownFileType = image.png; path = "calendar_ok-disabled@2x.png"; sourceTree = "<group>"; };
		8D5466D619AB9F0A00BA9818 /* dialog_cancel.png */ = {isa = PBXFileReference; lastKnownFileType = image.png; path = dialog_cancel.png; sourceTree = "<group>"; };
		8D5466D719AB9F0A00BA9818 /* dialog_cancel@2x.png */ = {isa = PBXFileReference; lastKnownFileType = image.png; path = "dialog_cancel@2x.png"; sourceTree = "<group>"; };
		8D5466D819AB9F0A00BA9818 /* dialog_clear-disabled.png */ = {isa = PBXFileReference; lastKnownFileType = image.png; path = "dialog_clear-disabled.png"; sourceTree = "<group>"; };
		8D5466D919AB9F0A00BA9818 /* dialog_clear-disabled@2x.png */ = {isa = PBXFileReference; lastKnownFileType = image.png; path = "dialog_clear-disabled@2x.png"; sourceTree = "<group>"; };
		8D5466DA19AB9F0A00BA9818 /* dialog_clear.png */ = {isa = PBXFileReference; lastKnownFileType = image.png; path = dialog_clear.png; sourceTree = "<group>"; };
		8D5466DB19AB9F0A00BA9818 /* dialog_clear@2x.png */ = {isa = PBXFileReference; lastKnownFileType = image.png; path = "dialog_clear@2x.png"; sourceTree = "<group>"; };
		8D5466DC19AB9F0A00BA9818 /* dialog_ok-disabled.png */ = {isa = PBXFileReference; lastKnownFileType = image.png; path = "dialog_ok-disabled.png"; sourceTree = "<group>"; };
		8D5466DD19AB9F0A00BA9818 /* dialog_ok-disabled@2x.png */ = {isa = PBXFileReference; lastKnownFileType = image.png; path = "dialog_ok-disabled@2x.png"; sourceTree = "<group>"; };
		8D5466DE19AB9F0A00BA9818 /* dialog_ok.png */ = {isa = PBXFileReference; lastKnownFileType = image.png; path = dialog_ok.png; sourceTree = "<group>"; };
		8D5466DF19AB9F0A00BA9818 /* dialog_ok@2x.png */ = {isa = PBXFileReference; lastKnownFileType = image.png; path = "dialog_ok@2x.png"; sourceTree = "<group>"; };
		8D5466E019AB9F0A00BA9818 /* THDateDay.h */ = {isa = PBXFileReference; fileEncoding = 4; lastKnownFileType = sourcecode.c.h; path = THDateDay.h; sourceTree = "<group>"; };
		8D5466E119AB9F0A00BA9818 /* THDateDay.m */ = {isa = PBXFileReference; fileEncoding = 4; lastKnownFileType = sourcecode.c.objc; path = THDateDay.m; sourceTree = "<group>"; };
		8D5466E219AB9F0A00BA9818 /* THDateDay.xib */ = {isa = PBXFileReference; fileEncoding = 4; lastKnownFileType = file.xib; path = THDateDay.xib; sourceTree = "<group>"; };
		8D5466E319AB9F0A00BA9818 /* THDatePickerViewController.h */ = {isa = PBXFileReference; fileEncoding = 4; lastKnownFileType = sourcecode.c.h; path = THDatePickerViewController.h; sourceTree = "<group>"; };
		8D5466E419AB9F0A00BA9818 /* THDatePickerViewController.m */ = {isa = PBXFileReference; fileEncoding = 4; lastKnownFileType = sourcecode.c.objc; path = THDatePickerViewController.m; sourceTree = "<group>"; };
		8D5466E519AB9F0A00BA9818 /* THDatePickerViewController.xib */ = {isa = PBXFileReference; fileEncoding = 4; lastKnownFileType = file.xib; path = THDatePickerViewController.xib; sourceTree = "<group>"; };
		8D54670019ABA12000BA9818 /* UIViewController+KNSemiModal.h */ = {isa = PBXFileReference; fileEncoding = 4; lastKnownFileType = sourcecode.c.h; name = "UIViewController+KNSemiModal.h"; path = "Libraries/UIViewController+KNSemiModal.h"; sourceTree = "<group>"; };
		8D54670119ABA12000BA9818 /* UIViewController+KNSemiModal.m */ = {isa = PBXFileReference; fileEncoding = 4; lastKnownFileType = sourcecode.c.objc; name = "UIViewController+KNSemiModal.m"; path = "Libraries/UIViewController+KNSemiModal.m"; sourceTree = "<group>"; };
		8DE53B6719AAE16100B10508 /* tracker..app */ = {isa = PBXFileReference; explicitFileType = wrapper.application; includeInIndex = 0; path = tracker..app; sourceTree = BUILT_PRODUCTS_DIR; };
		8DE53B6A19AAE16100B10508 /* Foundation.framework */ = {isa = PBXFileReference; lastKnownFileType = wrapper.framework; name = Foundation.framework; path = System/Library/Frameworks/Foundation.framework; sourceTree = SDKROOT; };
		8DE53B6C19AAE16100B10508 /* CoreGraphics.framework */ = {isa = PBXFileReference; lastKnownFileType = wrapper.framework; name = CoreGraphics.framework; path = System/Library/Frameworks/CoreGraphics.framework; sourceTree = SDKROOT; };
		8DE53B6E19AAE16100B10508 /* UIKit.framework */ = {isa = PBXFileReference; lastKnownFileType = wrapper.framework; name = UIKit.framework; path = System/Library/Frameworks/UIKit.framework; sourceTree = SDKROOT; };
		8DE53B7219AAE16100B10508 /* tracker.-Info.plist */ = {isa = PBXFileReference; lastKnownFileType = text.plist.xml; path = "tracker.-Info.plist"; sourceTree = "<group>"; };
		8DE53B7419AAE16100B10508 /* en */ = {isa = PBXFileReference; lastKnownFileType = text.plist.strings; name = en; path = en.lproj/InfoPlist.strings; sourceTree = "<group>"; };
		8DE53B7619AAE16100B10508 /* main.m */ = {isa = PBXFileReference; lastKnownFileType = sourcecode.c.objc; path = main.m; sourceTree = "<group>"; };
		8DE53B7819AAE16100B10508 /* tracker.-Prefix.pch */ = {isa = PBXFileReference; lastKnownFileType = sourcecode.c.h; path = "tracker.-Prefix.pch"; sourceTree = "<group>"; };
		8DE53B7919AAE16100B10508 /* AppDelegate.h */ = {isa = PBXFileReference; lastKnownFileType = sourcecode.c.h; path = AppDelegate.h; sourceTree = "<group>"; };
		8DE53B7A19AAE16100B10508 /* AppDelegate.m */ = {isa = PBXFileReference; lastKnownFileType = sourcecode.c.objc; path = AppDelegate.m; sourceTree = "<group>"; };
		8DE53B7C19AAE16100B10508 /* Images.xcassets */ = {isa = PBXFileReference; lastKnownFileType = folder.assetcatalog; path = Images.xcassets; sourceTree = "<group>"; };
		8DE53B8219AAE16100B10508 /* tracker.Tests.xctest */ = {isa = PBXFileReference; explicitFileType = wrapper.cfbundle; includeInIndex = 0; path = tracker.Tests.xctest; sourceTree = BUILT_PRODUCTS_DIR; };
		8DE53B8319AAE16100B10508 /* XCTest.framework */ = {isa = PBXFileReference; lastKnownFileType = wrapper.framework; name = XCTest.framework; path = Library/Frameworks/XCTest.framework; sourceTree = DEVELOPER_DIR; };
		8DE53B8B19AAE16100B10508 /* tracker.Tests-Info.plist */ = {isa = PBXFileReference; lastKnownFileType = text.plist.xml; path = "tracker.Tests-Info.plist"; sourceTree = "<group>"; };
		8DE53B8D19AAE16100B10508 /* en */ = {isa = PBXFileReference; lastKnownFileType = text.plist.strings; name = en; path = en.lproj/InfoPlist.strings; sourceTree = "<group>"; };
		8DE53B8F19AAE16100B10508 /* tracker_Tests.m */ = {isa = PBXFileReference; lastKnownFileType = sourcecode.c.objc; path = tracker_Tests.m; sourceTree = "<group>"; };
		8DE53B9A19AAE1DE00B10508 /* HomeViewController.h */ = {isa = PBXFileReference; fileEncoding = 4; lastKnownFileType = sourcecode.c.h; name = HomeViewController.h; path = Controllers/HomeViewController.h; sourceTree = "<group>"; };
		8DE53B9B19AAE1DE00B10508 /* HomeViewController.m */ = {isa = PBXFileReference; fileEncoding = 4; lastKnownFileType = sourcecode.c.objc; name = HomeViewController.m; path = Controllers/HomeViewController.m; sourceTree = "<group>"; };
		8DE53B9E19AAE29800B10508 /* KLCPopup.h */ = {isa = PBXFileReference; fileEncoding = 4; lastKnownFileType = sourcecode.c.h; name = KLCPopup.h; path = Libraries/KLCPopup.h; sourceTree = "<group>"; };
		8DE53B9F19AAE29800B10508 /* KLCPopup.m */ = {isa = PBXFileReference; fileEncoding = 4; lastKnownFileType = sourcecode.c.objc; name = KLCPopup.m; path = Libraries/KLCPopup.m; sourceTree = "<group>"; };
		8DE53BA219AAE74E00B10508 /* Colors.h */ = {isa = PBXFileReference; fileEncoding = 4; lastKnownFileType = sourcecode.c.h; name = Colors.h; path = Constants/Colors.h; sourceTree = "<group>"; };
		8DE53BA319AAE74E00B10508 /* Colors.m */ = {isa = PBXFileReference; fileEncoding = 4; lastKnownFileType = sourcecode.c.objc; name = Colors.m; path = Constants/Colors.m; sourceTree = "<group>"; };
		8DE53BA619AAEC5100B10508 /* StartEndPeriod.h */ = {isa = PBXFileReference; fileEncoding = 4; lastKnownFileType = sourcecode.c.h; name = StartEndPeriod.h; path = Views/StartEndPeriod.h; sourceTree = "<group>"; };
		8DE53BA719AAEC5100B10508 /* StartEndPeriod.m */ = {isa = PBXFileReference; fileEncoding = 4; lastKnownFileType = sourcecode.c.objc; name = StartEndPeriod.m; path = Views/StartEndPeriod.m; sourceTree = "<group>"; };
		8DE53BAC19AAEEA200B10508 /* TimeLeftView.h */ = {isa = PBXFileReference; fileEncoding = 4; lastKnownFileType = sourcecode.c.h; name = TimeLeftView.h; path = Views/TimeLeftView.h; sourceTree = "<group>"; };
		8DE53BAD19AAEEA200B10508 /* TimeLeftView.m */ = {isa = PBXFileReference; fileEncoding = 4; lastKnownFileType = sourcecode.c.objc; name = TimeLeftView.m; path = Views/TimeLeftView.m; sourceTree = "<group>"; };
		8DE53BB119AAF06D00B10508 /* clockicon.png */ = {isa = PBXFileReference; lastKnownFileType = image.png; path = clockicon.png; sourceTree = "<group>"; };
		8DE53BB219AAF06D00B10508 /* clockicon@2x.png */ = {isa = PBXFileReference; lastKnownFileType = image.png; path = "clockicon@2x.png"; sourceTree = "<group>"; };
		8DE53BB419AAF06D00B10508 /* hamburgermenu.png */ = {isa = PBXFileReference; lastKnownFileType = image.png; path = hamburgermenu.png; sourceTree = "<group>"; };
		8DE53BB519AAF06D00B10508 /* hamburgermenu@2x.png */ = {isa = PBXFileReference; lastKnownFileType = image.png; path = "hamburgermenu@2x.png"; sourceTree = "<group>"; };
		8DE53BB619AAF06D00B10508 /* nav-logo.png */ = {isa = PBXFileReference; lastKnownFileType = image.png; path = "nav-logo.png"; sourceTree = "<group>"; };
		8DE53BB719AAF06D00B10508 /* nav-logo@2x.png */ = {isa = PBXFileReference; lastKnownFileType = image.png; path = "nav-logo@2x.png"; sourceTree = "<group>"; };
		8DE53BB819AAF06D00B10508 /* personicon.png */ = {isa = PBXFileReference; lastKnownFileType = image.png; path = personicon.png; sourceTree = "<group>"; };
		8DE53BB919AAF06D00B10508 /* personicon@2x.png */ = {isa = PBXFileReference; lastKnownFileType = image.png; path = "personicon@2x.png"; sourceTree = "<group>"; };
		8DE53BC219AAF23E00B10508 /* Fonts.h */ = {isa = PBXFileReference; fileEncoding = 4; lastKnownFileType = sourcecode.c.h; name = Fonts.h; path = Constants/Fonts.h; sourceTree = "<group>"; };
		8DE53BC319AAF23E00B10508 /* Fonts.m */ = {isa = PBXFileReference; fileEncoding = 4; lastKnownFileType = sourcecode.c.objc; name = Fonts.m; path = Constants/Fonts.m; sourceTree = "<group>"; };
		8DE53BC519AAF7F500B10508 /* eggicon.png */ = {isa = PBXFileReference; lastKnownFileType = image.png; path = eggicon.png; sourceTree = "<group>"; };
		8DE53BC619AAF7F500B10508 /* eggicon@2x.png */ = {isa = PBXFileReference; lastKnownFileType = image.png; path = "eggicon@2x.png"; sourceTree = "<group>"; };
		8DE53BC719AAF7F500B10508 /* lightningicon.png */ = {isa = PBXFileReference; lastKnownFileType = image.png; path = lightningicon.png; sourceTree = "<group>"; };
		8DE53BC819AAF7F500B10508 /* lightningicon@2x.png */ = {isa = PBXFileReference; lastKnownFileType = image.png; path = "lightningicon@2x.png"; sourceTree = "<group>"; };
		8DE53BC919AAF7F500B10508 /* raindropicon.png */ = {isa = PBXFileReference; lastKnownFileType = image.png; path = raindropicon.png; sourceTree = "<group>"; };
		8DE53BCA19AAF7F500B10508 /* raindropicon@2x.png */ = {isa = PBXFileReference; lastKnownFileType = image.png; path = "raindropicon@2x.png"; sourceTree = "<group>"; };
		8DE53BD119AAF81800B10508 /* FertilizationView.h */ = {isa = PBXFileReference; fileEncoding = 4; lastKnownFileType = sourcecode.c.h; name = FertilizationView.h; path = Views/FertilizationView.h; sourceTree = "<group>"; };
		8DE53BD219AAF81800B10508 /* FertilizationView.m */ = {isa = PBXFileReference; fileEncoding = 4; lastKnownFileType = sourcecode.c.objc; name = FertilizationView.m; path = Views/FertilizationView.m; sourceTree = "<group>"; };
/* End PBXFileReference section */

/* Begin PBXFrameworksBuildPhase section */
		8DE53B6419AAE16100B10508 /* Frameworks */ = {
			isa = PBXFrameworksBuildPhase;
			buildActionMask = 2147483647;
			files = (
				8DE53B6D19AAE16100B10508 /* CoreGraphics.framework in Frameworks */,
				8DE53B6F19AAE16100B10508 /* UIKit.framework in Frameworks */,
				8DE53B6B19AAE16100B10508 /* Foundation.framework in Frameworks */,
			);
			runOnlyForDeploymentPostprocessing = 0;
		};
		8DE53B7F19AAE16100B10508 /* Frameworks */ = {
			isa = PBXFrameworksBuildPhase;
			buildActionMask = 2147483647;
			files = (
				8DE53B8419AAE16100B10508 /* XCTest.framework in Frameworks */,
				8DE53B8619AAE16100B10508 /* UIKit.framework in Frameworks */,
				8DE53B8519AAE16100B10508 /* Foundation.framework in Frameworks */,
			);
			runOnlyForDeploymentPostprocessing = 0;
		};
/* End PBXFrameworksBuildPhase section */

/* Begin PBXGroup section */
		8D5466C819AB9F0A00BA9818 /* THCalendarDatePicker */ = {
			isa = PBXGroup;
			children = (
				8D5466C919AB9F0A00BA9818 /* Images */,
				8D5466E019AB9F0A00BA9818 /* THDateDay.h */,
				8D5466E119AB9F0A00BA9818 /* THDateDay.m */,
				8D5466E219AB9F0A00BA9818 /* THDateDay.xib */,
				8D5466E319AB9F0A00BA9818 /* THDatePickerViewController.h */,
				8D5466E419AB9F0A00BA9818 /* THDatePickerViewController.m */,
				8D5466E519AB9F0A00BA9818 /* THDatePickerViewController.xib */,
			);
			name = THCalendarDatePicker;
			path = Libraries/THCalendarDatePicker;
			sourceTree = "<group>";
		};
		8D5466C919AB9F0A00BA9818 /* Images */ = {
			isa = PBXGroup;
			children = (
				8D5466CA19AB9F0A00BA9818 /* arrow_left.png */,
				8D5466CB19AB9F0A00BA9818 /* arrow_left@2x.png */,
				8D5466CC19AB9F0A00BA9818 /* arrow_right.png */,
				8D5466CD19AB9F0A00BA9818 /* arrow_right@2x.png */,
				8D5466CE19AB9F0A00BA9818 /* calendar_clear-disabled.png */,
				8D5466CF19AB9F0A00BA9818 /* calendar_clear-disabled@2x.png */,
				8D5466D019AB9F0A00BA9818 /* calendar_littledot-disabled.png */,
				8D5466D119AB9F0A00BA9818 /* calendar_littledot-disabled@2x.png */,
				8D5466D219AB9F0A00BA9818 /* calendar_littledot.png */,
				8D5466D319AB9F0A00BA9818 /* calendar_littledot@2x.png */,
				8D5466D419AB9F0A00BA9818 /* calendar_ok-disabled.png */,
				8D5466D519AB9F0A00BA9818 /* calendar_ok-disabled@2x.png */,
				8D5466D619AB9F0A00BA9818 /* dialog_cancel.png */,
				8D5466D719AB9F0A00BA9818 /* dialog_cancel@2x.png */,
				8D5466D819AB9F0A00BA9818 /* dialog_clear-disabled.png */,
				8D5466D919AB9F0A00BA9818 /* dialog_clear-disabled@2x.png */,
				8D5466DA19AB9F0A00BA9818 /* dialog_clear.png */,
				8D5466DB19AB9F0A00BA9818 /* dialog_clear@2x.png */,
				8D5466DC19AB9F0A00BA9818 /* dialog_ok-disabled.png */,
				8D5466DD19AB9F0A00BA9818 /* dialog_ok-disabled@2x.png */,
				8D5466DE19AB9F0A00BA9818 /* dialog_ok.png */,
				8D5466DF19AB9F0A00BA9818 /* dialog_ok@2x.png */,
			);
			path = Images;
			sourceTree = "<group>";
		};
		8DE53B5E19AAE16100B10508 = {
			isa = PBXGroup;
			children = (
				8DE53B7019AAE16100B10508 /* tracker. */,
				8DE53B8919AAE16100B10508 /* tracker.Tests */,
				8DE53B6919AAE16100B10508 /* Frameworks */,
				8DE53B6819AAE16100B10508 /* Products */,
			);
			sourceTree = "<group>";
		};
		8DE53B6819AAE16100B10508 /* Products */ = {
			isa = PBXGroup;
			children = (
				8DE53B6719AAE16100B10508 /* tracker..app */,
				8DE53B8219AAE16100B10508 /* tracker.Tests.xctest */,
			);
			name = Products;
			sourceTree = "<group>";
		};
		8DE53B6919AAE16100B10508 /* Frameworks */ = {
			isa = PBXGroup;
			children = (
				8DE53B6A19AAE16100B10508 /* Foundation.framework */,
				8DE53B6C19AAE16100B10508 /* CoreGraphics.framework */,
				8DE53B6E19AAE16100B10508 /* UIKit.framework */,
				8DE53B8319AAE16100B10508 /* XCTest.framework */,
			);
			name = Frameworks;
			sourceTree = "<group>";
		};
		8DE53B7019AAE16100B10508 /* tracker. */ = {
			isa = PBXGroup;
			children = (
				8DE53BD419AAF98700B10508 /* Model */,
				8DE53BAF19AAF06D00B10508 /* images */,
				8DE53BA519AAEC3A00B10508 /* Views */,
				8DE53BA119AAE73600B10508 /* Constants */,
				8DE53B9D19AAE27500B10508 /* Libraries */,
				8DE53B9919AAE1BD00B10508 /* Controllers */,
				8DE53B7919AAE16100B10508 /* AppDelegate.h */,
				8DE53B7A19AAE16100B10508 /* AppDelegate.m */,
				8DE53B7C19AAE16100B10508 /* Images.xcassets */,
				8DE53B7119AAE16100B10508 /* Supporting Files */,
			);
			path = tracker.;
			sourceTree = "<group>";
		};
		8DE53B7119AAE16100B10508 /* Supporting Files */ = {
			isa = PBXGroup;
			children = (
				8DE53B7219AAE16100B10508 /* tracker.-Info.plist */,
				8DE53B7319AAE16100B10508 /* InfoPlist.strings */,
				8DE53B7619AAE16100B10508 /* main.m */,
				8DE53B7819AAE16100B10508 /* tracker.-Prefix.pch */,
			);
			name = "Supporting Files";
			sourceTree = "<group>";
		};
		8DE53B8919AAE16100B10508 /* tracker.Tests */ = {
			isa = PBXGroup;
			children = (
				8DE53B8F19AAE16100B10508 /* tracker_Tests.m */,
				8DE53B8A19AAE16100B10508 /* Supporting Files */,
			);
			path = tracker.Tests;
			sourceTree = "<group>";
		};
		8DE53B8A19AAE16100B10508 /* Supporting Files */ = {
			isa = PBXGroup;
			children = (
				8DE53B8B19AAE16100B10508 /* tracker.Tests-Info.plist */,
				8DE53B8C19AAE16100B10508 /* InfoPlist.strings */,
			);
			name = "Supporting Files";
			sourceTree = "<group>";
		};
		8DE53B9919AAE1BD00B10508 /* Controllers */ = {
			isa = PBXGroup;
			children = (
				8DE53B9A19AAE1DE00B10508 /* HomeViewController.h */,
				8DE53B9B19AAE1DE00B10508 /* HomeViewController.m */,
			);
			name = Controllers;
			sourceTree = "<group>";
		};
		8DE53B9D19AAE27500B10508 /* Libraries */ = {
			isa = PBXGroup;
			children = (
				8D5466C819AB9F0A00BA9818 /* THCalendarDatePicker */,
				8DE53B9E19AAE29800B10508 /* KLCPopup.h */,
				8DE53B9F19AAE29800B10508 /* KLCPopup.m */,
				8D54670019ABA12000BA9818 /* UIViewController+KNSemiModal.h */,
				8D54670119ABA12000BA9818 /* UIViewController+KNSemiModal.m */,
			);
			name = Libraries;
			sourceTree = "<group>";
		};
		8DE53BA119AAE73600B10508 /* Constants */ = {
			isa = PBXGroup;
			children = (
				8DE53BA219AAE74E00B10508 /* Colors.h */,
				8DE53BA319AAE74E00B10508 /* Colors.m */,
				8DE53BC219AAF23E00B10508 /* Fonts.h */,
				8DE53BC319AAF23E00B10508 /* Fonts.m */,
			);
			name = Constants;
			sourceTree = "<group>";
		};
		8DE53BA519AAEC3A00B10508 /* Views */ = {
			isa = PBXGroup;
			children = (
				8DE53BA619AAEC5100B10508 /* StartEndPeriod.h */,
				8DE53BA719AAEC5100B10508 /* StartEndPeriod.m */,
				8DE53BAC19AAEEA200B10508 /* TimeLeftView.h */,
				8DE53BAD19AAEEA200B10508 /* TimeLeftView.m */,
				8DE53BD119AAF81800B10508 /* FertilizationView.h */,
				8DE53BD219AAF81800B10508 /* FertilizationView.m */,
			);
			name = Views;
			sourceTree = "<group>";
		};
		8DE53BAF19AAF06D00B10508 /* images */ = {
			isa = PBXGroup;
			children = (
				8DE53BB019AAF06D00B10508 /* homescreen */,
				8DE53BB319AAF06D00B10508 /* navbar */,
			);
			path = images;
			sourceTree = "<group>";
		};
		8DE53BB019AAF06D00B10508 /* homescreen */ = {
			isa = PBXGroup;
			children = (
				8DE53BC519AAF7F500B10508 /* eggicon.png */,
				8DE53BC619AAF7F500B10508 /* eggicon@2x.png */,
				8DE53BC719AAF7F500B10508 /* lightningicon.png */,
				8DE53BC819AAF7F500B10508 /* lightningicon@2x.png */,
				8DE53BC919AAF7F500B10508 /* raindropicon.png */,
				8DE53BCA19AAF7F500B10508 /* raindropicon@2x.png */,
				8DE53BB119AAF06D00B10508 /* clockicon.png */,
				8DE53BB219AAF06D00B10508 /* clockicon@2x.png */,
			);
			path = homescreen;
			sourceTree = "<group>";
		};
		8DE53BB319AAF06D00B10508 /* navbar */ = {
			isa = PBXGroup;
			children = (
				8DE53BB419AAF06D00B10508 /* hamburgermenu.png */,
				8DE53BB519AAF06D00B10508 /* hamburgermenu@2x.png */,
				8DE53BB619AAF06D00B10508 /* nav-logo.png */,
				8DE53BB719AAF06D00B10508 /* nav-logo@2x.png */,
				8DE53BB819AAF06D00B10508 /* personicon.png */,
				8DE53BB919AAF06D00B10508 /* personicon@2x.png */,
			);
			path = navbar;
			sourceTree = "<group>";
		};
		8DE53BD419AAF98700B10508 /* Model */ = {
			isa = PBXGroup;
			children = (
			);
			name = Model;
			sourceTree = "<group>";
		};
/* End PBXGroup section */

/* Begin PBXNativeTarget section */
		8DE53B6619AAE16100B10508 /* tracker. */ = {
			isa = PBXNativeTarget;
			buildConfigurationList = 8DE53B9319AAE16100B10508 /* Build configuration list for PBXNativeTarget "tracker." */;
			buildPhases = (
				8DE53B6319AAE16100B10508 /* Sources */,
				8DE53B6419AAE16100B10508 /* Frameworks */,
				8DE53B6519AAE16100B10508 /* Resources */,
			);
			buildRules = (
			);
			dependencies = (
			);
			name = tracker.;
			productName = tracker.;
			productReference = 8DE53B6719AAE16100B10508 /* tracker..app */;
			productType = "com.apple.product-type.application";
		};
		8DE53B8119AAE16100B10508 /* tracker.Tests */ = {
			isa = PBXNativeTarget;
			buildConfigurationList = 8DE53B9619AAE16100B10508 /* Build configuration list for PBXNativeTarget "tracker.Tests" */;
			buildPhases = (
				8DE53B7E19AAE16100B10508 /* Sources */,
				8DE53B7F19AAE16100B10508 /* Frameworks */,
				8DE53B8019AAE16100B10508 /* Resources */,
			);
			buildRules = (
			);
			dependencies = (
				8DE53B8819AAE16100B10508 /* PBXTargetDependency */,
			);
			name = tracker.Tests;
			productName = tracker.Tests;
			productReference = 8DE53B8219AAE16100B10508 /* tracker.Tests.xctest */;
			productType = "com.apple.product-type.bundle.unit-test";
		};
/* End PBXNativeTarget section */

/* Begin PBXProject section */
		8DE53B5F19AAE16100B10508 /* Project object */ = {
			isa = PBXProject;
			attributes = {
				CLASSPREFIX = Test;
				LastUpgradeCheck = 0510;
				ORGANIZATIONNAME = "Lucy Guo";
				TargetAttributes = {
					8DE53B8119AAE16100B10508 = {
						TestTargetID = 8DE53B6619AAE16100B10508;
					};
				};
			};
			buildConfigurationList = 8DE53B6219AAE16100B10508 /* Build configuration list for PBXProject "tracker." */;
			compatibilityVersion = "Xcode 3.2";
			developmentRegion = English;
			hasScannedForEncodings = 0;
			knownRegions = (
				en,
			);
			mainGroup = 8DE53B5E19AAE16100B10508;
			productRefGroup = 8DE53B6819AAE16100B10508 /* Products */;
			projectDirPath = "";
			projectRoot = "";
			targets = (
				8DE53B6619AAE16100B10508 /* tracker. */,
				8DE53B8119AAE16100B10508 /* tracker.Tests */,
			);
		};
/* End PBXProject section */

/* Begin PBXResourcesBuildPhase section */
		8DE53B6519AAE16100B10508 /* Resources */ = {
			isa = PBXResourcesBuildPhase;
			buildActionMask = 2147483647;
			files = (
				8D5466EB19AB9F0A00BA9818 /* calendar_clear-disabled@2x.png in Resources */,
				8D5466FD19AB9F0A00BA9818 /* THDateDay.xib in Resources */,
				8DE53BBE19AAF06D00B10508 /* nav-logo.png in Resources */,
				8DE53B7519AAE16100B10508 /* InfoPlist.strings in Resources */,
				8DE53BCB19AAF7F500B10508 /* eggicon.png in Resources */,
				8D5466F719AB9F0A00BA9818 /* dialog_clear@2x.png in Resources */,
				8D5466F019AB9F0A00BA9818 /* calendar_ok-disabled.png in Resources */,
				8DE53BBD19AAF06D00B10508 /* hamburgermenu@2x.png in Resources */,
				8DE53BBC19AAF06D00B10508 /* hamburgermenu.png in Resources */,
				8DE53BCD19AAF7F500B10508 /* lightningicon.png in Resources */,
				8D5466E619AB9F0A00BA9818 /* arrow_left.png in Resources */,
				8D5466EA19AB9F0A00BA9818 /* calendar_clear-disabled.png in Resources */,
				8D5466F619AB9F0A00BA9818 /* dialog_clear.png in Resources */,
				8D5466E719AB9F0A00BA9818 /* arrow_left@2x.png in Resources */,
				8D5466F819AB9F0A00BA9818 /* dialog_ok-disabled.png in Resources */,
				8D5466EF19AB9F0A00BA9818 /* calendar_littledot@2x.png in Resources */,
				8D5466ED19AB9F0A00BA9818 /* calendar_littledot-disabled@2x.png in Resources */,
				8DE53B7D19AAE16100B10508 /* Images.xcassets in Resources */,
				8D5466F319AB9F0A00BA9818 /* dialog_cancel@2x.png in Resources */,
				8D5466EE19AB9F0A00BA9818 /* calendar_littledot.png in Resources */,
				8DE53BBB19AAF06D00B10508 /* clockicon@2x.png in Resources */,
				8D5466FA19AB9F0A00BA9818 /* dialog_ok.png in Resources */,
				8D5466FF19AB9F0A00BA9818 /* THDatePickerViewController.xib in Resources */,
				8D5466F119AB9F0A00BA9818 /* calendar_ok-disabled@2x.png in Resources */,
				8DE53BD019AAF7F500B10508 /* raindropicon@2x.png in Resources */,
				8D5466EC19AB9F0A00BA9818 /* calendar_littledot-disabled.png in Resources */,
				8D5466F519AB9F0A00BA9818 /* dialog_clear-disabled@2x.png in Resources */,
				8DE53BC119AAF06D00B10508 /* personicon@2x.png in Resources */,
				8DE53BBA19AAF06D00B10508 /* clockicon.png in Resources */,
				8DE53BCF19AAF7F500B10508 /* raindropicon.png in Resources */,
				8D5466FB19AB9F0A00BA9818 /* dialog_ok@2x.png in Resources */,
				8DE53BCE19AAF7F500B10508 /* lightningicon@2x.png in Resources */,
				8D5466E919AB9F0A00BA9818 /* arrow_right@2x.png in Resources */,
				8D5466F419AB9F0A00BA9818 /* dialog_clear-disabled.png in Resources */,
				8D5466F219AB9F0A00BA9818 /* dialog_cancel.png in Resources */,
				8DE53BBF19AAF06D00B10508 /* nav-logo@2x.png in Resources */,
				8D5466F919AB9F0A00BA9818 /* dialog_ok-disabled@2x.png in Resources */,
				8DE53BC019AAF06D00B10508 /* personicon.png in Resources */,
				8D5466E819AB9F0A00BA9818 /* arrow_right.png in Resources */,
				8DE53BCC19AAF7F500B10508 /* eggicon@2x.png in Resources */,
			);
			runOnlyForDeploymentPostprocessing = 0;
		};
		8DE53B8019AAE16100B10508 /* Resources */ = {
			isa = PBXResourcesBuildPhase;
			buildActionMask = 2147483647;
			files = (
				8DE53B8E19AAE16100B10508 /* InfoPlist.strings in Resources */,
			);
			runOnlyForDeploymentPostprocessing = 0;
		};
/* End PBXResourcesBuildPhase section */

/* Begin PBXSourcesBuildPhase section */
		8DE53B6319AAE16100B10508 /* Sources */ = {
			isa = PBXSourcesBuildPhase;
			buildActionMask = 2147483647;
			files = (
				8DE53BA419AAE74E00B10508 /* Colors.m in Sources */,
				8D54670219ABA12000BA9818 /* UIViewController+KNSemiModal.m in Sources */,
				8DE53BA819AAEC5100B10508 /* StartEndPeriod.m in Sources */,
				8D5466FC19AB9F0A00BA9818 /* THDateDay.m in Sources */,
				8DE53B7B19AAE16100B10508 /* AppDelegate.m in Sources */,
				8DE53B7719AAE16100B10508 /* main.m in Sources */,
				8DE53BC419AAF23E00B10508 /* Fonts.m in Sources */,
				8DE53B9C19AAE1DE00B10508 /* HomeViewController.m in Sources */,
				8DE53BD319AAF81800B10508 /* FertilizationView.m in Sources */,
				8DE53BAE19AAEEA200B10508 /* TimeLeftView.m in Sources */,
				8DE53BA019AAE29800B10508 /* KLCPopup.m in Sources */,
				8D5466FE19AB9F0A00BA9818 /* THDatePickerViewController.m in Sources */,
			);
			runOnlyForDeploymentPostprocessing = 0;
		};
		8DE53B7E19AAE16100B10508 /* Sources */ = {
			isa = PBXSourcesBuildPhase;
			buildActionMask = 2147483647;
			files = (
				8DE53B9019AAE16100B10508 /* tracker_Tests.m in Sources */,
			);
			runOnlyForDeploymentPostprocessing = 0;
		};
/* End PBXSourcesBuildPhase section */

/* Begin PBXTargetDependency section */
		8DE53B8819AAE16100B10508 /* PBXTargetDependency */ = {
			isa = PBXTargetDependency;
			target = 8DE53B6619AAE16100B10508 /* tracker. */;
			targetProxy = 8DE53B8719AAE16100B10508 /* PBXContainerItemProxy */;
		};
/* End PBXTargetDependency section */

/* Begin PBXVariantGroup section */
		8DE53B7319AAE16100B10508 /* InfoPlist.strings */ = {
			isa = PBXVariantGroup;
			children = (
				8DE53B7419AAE16100B10508 /* en */,
			);
			name = InfoPlist.strings;
			sourceTree = "<group>";
		};
		8DE53B8C19AAE16100B10508 /* InfoPlist.strings */ = {
			isa = PBXVariantGroup;
			children = (
				8DE53B8D19AAE16100B10508 /* en */,
			);
			name = InfoPlist.strings;
			sourceTree = "<group>";
		};
/* End PBXVariantGroup section */

/* Begin XCBuildConfiguration section */
		8DE53B9119AAE16100B10508 /* Debug */ = {
			isa = XCBuildConfiguration;
			buildSettings = {
				ALWAYS_SEARCH_USER_PATHS = NO;
				CLANG_CXX_LANGUAGE_STANDARD = "gnu++0x";
				CLANG_CXX_LIBRARY = "libc++";
				CLANG_ENABLE_MODULES = YES;
				CLANG_ENABLE_OBJC_ARC = YES;
				CLANG_WARN_BOOL_CONVERSION = YES;
				CLANG_WARN_CONSTANT_CONVERSION = YES;
				CLANG_WARN_DIRECT_OBJC_ISA_USAGE = YES_ERROR;
				CLANG_WARN_EMPTY_BODY = YES;
				CLANG_WARN_ENUM_CONVERSION = YES;
				CLANG_WARN_INT_CONVERSION = YES;
				CLANG_WARN_OBJC_ROOT_CLASS = YES_ERROR;
				CLANG_WARN__DUPLICATE_METHOD_MATCH = YES;
				"CODE_SIGN_IDENTITY[sdk=iphoneos*]" = "iPhone Developer";
				COPY_PHASE_STRIP = NO;
				GCC_C_LANGUAGE_STANDARD = gnu99;
				GCC_DYNAMIC_NO_PIC = NO;
				GCC_OPTIMIZATION_LEVEL = 0;
				GCC_PREPROCESSOR_DEFINITIONS = (
					"DEBUG=1",
					"$(inherited)",
				);
				GCC_SYMBOLS_PRIVATE_EXTERN = NO;
				GCC_WARN_64_TO_32_BIT_CONVERSION = YES;
				GCC_WARN_ABOUT_RETURN_TYPE = YES_ERROR;
				GCC_WARN_UNDECLARED_SELECTOR = YES;
				GCC_WARN_UNINITIALIZED_AUTOS = YES_AGGRESSIVE;
				GCC_WARN_UNUSED_FUNCTION = YES;
				GCC_WARN_UNUSED_VARIABLE = YES;
				IPHONEOS_DEPLOYMENT_TARGET = 7.1;
				ONLY_ACTIVE_ARCH = YES;
				SDKROOT = iphoneos;
			};
			name = Debug;
		};
		8DE53B9219AAE16100B10508 /* Release */ = {
			isa = XCBuildConfiguration;
			buildSettings = {
				ALWAYS_SEARCH_USER_PATHS = NO;
				CLANG_CXX_LANGUAGE_STANDARD = "gnu++0x";
				CLANG_CXX_LIBRARY = "libc++";
				CLANG_ENABLE_MODULES = YES;
				CLANG_ENABLE_OBJC_ARC = YES;
				CLANG_WARN_BOOL_CONVERSION = YES;
				CLANG_WARN_CONSTANT_CONVERSION = YES;
				CLANG_WARN_DIRECT_OBJC_ISA_USAGE = YES_ERROR;
				CLANG_WARN_EMPTY_BODY = YES;
				CLANG_WARN_ENUM_CONVERSION = YES;
				CLANG_WARN_INT_CONVERSION = YES;
				CLANG_WARN_OBJC_ROOT_CLASS = YES_ERROR;
				CLANG_WARN__DUPLICATE_METHOD_MATCH = YES;
				"CODE_SIGN_IDENTITY[sdk=iphoneos*]" = "iPhone Developer";
				COPY_PHASE_STRIP = YES;
				ENABLE_NS_ASSERTIONS = NO;
				GCC_C_LANGUAGE_STANDARD = gnu99;
				GCC_WARN_64_TO_32_BIT_CONVERSION = YES;
				GCC_WARN_ABOUT_RETURN_TYPE = YES_ERROR;
				GCC_WARN_UNDECLARED_SELECTOR = YES;
				GCC_WARN_UNINITIALIZED_AUTOS = YES_AGGRESSIVE;
				GCC_WARN_UNUSED_FUNCTION = YES;
				GCC_WARN_UNUSED_VARIABLE = YES;
				IPHONEOS_DEPLOYMENT_TARGET = 7.1;
				SDKROOT = iphoneos;
				VALIDATE_PRODUCT = YES;
			};
			name = Release;
		};
		8DE53B9419AAE16100B10508 /* Debug */ = {
			isa = XCBuildConfiguration;
			buildSettings = {
				ASSETCATALOG_COMPILER_APPICON_NAME = AppIcon;
				ASSETCATALOG_COMPILER_LAUNCHIMAGE_NAME = LaunchImage;
				GCC_PRECOMPILE_PREFIX_HEADER = YES;
				GCC_PREFIX_HEADER = "tracker./tracker.-Prefix.pch";
				INFOPLIST_FILE = "tracker./tracker.-Info.plist";
				PRODUCT_NAME = "$(TARGET_NAME)";
				WRAPPER_EXTENSION = app;
			};
			name = Debug;
		};
		8DE53B9519AAE16100B10508 /* Release */ = {
			isa = XCBuildConfiguration;
			buildSettings = {
				ASSETCATALOG_COMPILER_APPICON_NAME = AppIcon;
				ASSETCATALOG_COMPILER_LAUNCHIMAGE_NAME = LaunchImage;
				GCC_PRECOMPILE_PREFIX_HEADER = YES;
				GCC_PREFIX_HEADER = "tracker./tracker.-Prefix.pch";
				INFOPLIST_FILE = "tracker./tracker.-Info.plist";
				PRODUCT_NAME = "$(TARGET_NAME)";
				WRAPPER_EXTENSION = app;
			};
			name = Release;
		};
		8DE53B9719AAE16100B10508 /* Debug */ = {
			isa = XCBuildConfiguration;
			buildSettings = {
				BUNDLE_LOADER = "$(BUILT_PRODUCTS_DIR)/tracker..app/tracker.";
				FRAMEWORK_SEARCH_PATHS = (
					"$(SDKROOT)/Developer/Library/Frameworks",
					"$(inherited)",
					"$(DEVELOPER_FRAMEWORKS_DIR)",
				);
				GCC_PRECOMPILE_PREFIX_HEADER = YES;
				GCC_PREFIX_HEADER = "tracker./tracker.-Prefix.pch";
				GCC_PREPROCESSOR_DEFINITIONS = (
					"DEBUG=1",
					"$(inherited)",
				);
				INFOPLIST_FILE = "tracker.Tests/tracker.Tests-Info.plist";
				PRODUCT_NAME = "$(TARGET_NAME)";
				TEST_HOST = "$(BUNDLE_LOADER)";
				WRAPPER_EXTENSION = xctest;
			};
			name = Debug;
		};
		8DE53B9819AAE16100B10508 /* Release */ = {
			isa = XCBuildConfiguration;
			buildSettings = {
				BUNDLE_LOADER = "$(BUILT_PRODUCTS_DIR)/tracker..app/tracker.";
				FRAMEWORK_SEARCH_PATHS = (
					"$(SDKROOT)/Developer/Library/Frameworks",
					"$(inherited)",
					"$(DEVELOPER_FRAMEWORKS_DIR)",
				);
				GCC_PRECOMPILE_PREFIX_HEADER = YES;
				GCC_PREFIX_HEADER = "tracker./tracker.-Prefix.pch";
				INFOPLIST_FILE = "tracker.Tests/tracker.Tests-Info.plist";
				PRODUCT_NAME = "$(TARGET_NAME)";
				TEST_HOST = "$(BUNDLE_LOADER)";
				WRAPPER_EXTENSION = xctest;
			};
			name = Release;
		};
/* End XCBuildConfiguration section */

/* Begin XCConfigurationList section */
		8DE53B6219AAE16100B10508 /* Build configuration list for PBXProject "tracker." */ = {
			isa = XCConfigurationList;
			buildConfigurations = (
				8DE53B9119AAE16100B10508 /* Debug */,
				8DE53B9219AAE16100B10508 /* Release */,
			);
			defaultConfigurationIsVisible = 0;
			defaultConfigurationName = Release;
		};
		8DE53B9319AAE16100B10508 /* Build configuration list for PBXNativeTarget "tracker." */ = {
			isa = XCConfigurationList;
			buildConfigurations = (
				8DE53B9419AAE16100B10508 /* Debug */,
				8DE53B9519AAE16100B10508 /* Release */,
			);
			defaultConfigurationIsVisible = 0;
			defaultConfigurationName = Release;
		};
		8DE53B9619AAE16100B10508 /* Build configuration list for PBXNativeTarget "tracker.Tests" */ = {
			isa = XCConfigurationList;
			buildConfigurations = (
				8DE53B9719AAE16100B10508 /* Debug */,
				8DE53B9819AAE16100B10508 /* Release */,
			);
			defaultConfigurationIsVisible = 0;
			defaultConfigurationName = Release;
		};
/* End XCConfigurationList section */
	};
	rootObject = 8DE53B5F19AAE16100B10508 /* Project object */;
}
